
Microsoft Visual Studio Solution File, Format Version 12.00
# Visual Studio Version 17
VisualStudioVersion = 17.5.33424.131
MinimumVisualStudioVersion = 10.0.40219.1
Project("{888888A0-9F3D-457C-B088-3A5042F75D52}") = "Day 1", "Day 1\Day 1.pyproj", "{746F1A3A-418B-4ADA-93A6-9977E3106C04}"
EndProject
Global
	GlobalSection(SolutionConfigurationPlatforms) = preSolution
		Debug|Any CPU = Debug|Any CPU
		Release|Any CPU = Release|Any CPU
	EndGlobalSection
	GlobalSection(ProjectConfigurationPlatforms) = postSolution
		{746F1A3A-418B-4ADA-93A6-9977E3106C04}.Debug|Any CPU.ActiveCfg = Debug|Any CPU
		{746F1A3A-418B-4ADA-93A6-9977E3106C04}.Release|Any CPU.ActiveCfg = Release|Any CPU
	EndGlobalSection
	GlobalSection(SolutionProperties) = preSolution
		HideSolutionNode = FALSE
	EndGlobalSection
	GlobalSection(ExtensibilityGlobals) = postSolution
		SolutionGuid = {0D061D6E-3B84-467A-ACDE-776A01451B7D}
	EndGlobalSection
EndGlobal
